dependencies:
- name: kube-state-metrics
  repository: https://prometheus-community.github.io/helm-charts
  version: 3.1.1
- name: prometheus-node-exporter
  repository: https://prometheus-community.github.io/helm-charts
  version: 1.18.2
- name: grafana
  repository: https://grafana.github.io/helm-charts
  version: 6.13.5
digest: sha256:c7bde8c153bbe483796e09c23572d27541f276458bdc188e7d3a504b2594c6c1
generated: "2021-06-22T04:14:06.959974987Z"
